Microsoft Visual Studio Solution File, Format Version 12.00
# Visual Studio Version 17
VisualStudioVersion = 17.5.2.0
MinimumVisualStudioVersion = 10.0.40219.1
Project("{FAE04EC0-301F-11D3-BF4B-00C04F79EFBC}") = "md2pdf-container", "md2pdf-container.csproj", "{AFC94AF7-37FB-6B4E-46E1-BC65B4A3114B}"
EndProject
Global
	GlobalSection(SolutionConfigurationPlatforms) = preSolution
		Debug|Any CPU = Debug|Any CPU
		Release|Any CPU = Release|Any CPU
	EndGlobalSection
	GlobalSection(ProjectConfigurationPlatforms) = postSolution
		{AFC94AF7-37FB-6B4E-46E1-BC65B4A3114B}.Debug|Any CPU.ActiveCfg = Debug|Any CPU
		{AFC94AF7-37FB-6B4E-46E1-BC65B4A3114B}.Debug|Any CPU.Build.0 = Debug|Any CPU
		{AFC94AF7-37FB-6B4E-46E1-BC65B4A3114B}.Release|Any CPU.ActiveCfg = Release|Any CPU
		{AFC94AF7-37FB-6B4E-46E1-BC65B4A3114B}.Release|Any CPU.Build.0 = Release|Any CPU
	EndGlobalSection
	GlobalSection(SolutionProperties) = preSolution
		HideSolutionNode = FALSE
	EndGlobalSection
	GlobalSection(ExtensibilityGlobals) = postSolution
		SolutionGuid = {EEC520E4-136E-48AF-9E0F-91BCA78C0EAD}
	EndGlobalSection
EndGlobal
